{
  "name": "CodeExaminator",
  "lockfileVersion": 3,
  "requires": true,
  "packages": {
    "": {
      "dependencies": {
        "@monaco-editor/react": "^4.7.0",
        "node-cron": "^4.2.1",
        "react-resizable-panels": "^3.0.6",
        "react-split-pane": "^0.1.92",
        "tree-sitter": "^0.22.4",
        "tree-sitter-cpp": "^0.23.4"
      },
      "devDependencies": {
        "@types/node-cron": "^3.0.11",
        "@types/react-split-pane": "^0.1.10",
        "vite-plugin-monaco-editor": "^1.1.0"
      }
    },
    "node_modules/@monaco-editor/loader": {
      "version": "1.7.0",
      "resolved": "https://registry.npmjs.org/@monaco-editor/loader/-/loader-1.7.0.tgz",
      "integrity": "sha512-gIwR1HrJrrx+vfyOhYmCZ0/JcWqG5kbfG7+d3f/C1LXk2EvzAbHSg3MQ5lO2sMlo9izoAZ04shohfKLVT6crVA==",
      "license": "MIT",
      "dependencies": {
        "state-local": "^1.0.6"
      }
    },
    "node_modules/@monaco-editor/react": {
      "version": "4.7.0",
      "resolved": "https://registry.npmjs.org/@monaco-editor/react/-/react-4.7.0.tgz",
      "integrity": "sha512-cyzXQCtO47ydzxpQtCGSQGOC8Gk3ZUeBXFAxD+CWXYFo5OqZyZUonFl0DwUlTyAfRHntBfw2p3w4s9R6oe1eCA==",
      "license": "MIT",
      "dependencies": {
        "@monaco-editor/loader": "^1.5.0"
      },
      "peerDependencies": {
        "monaco-editor": ">= 0.25.0 < 1",
        "react": "^16.8.0 || ^17.0.0 || ^18.0.0 || ^19.0.0",
        "react-dom": "^16.8.0 || ^17.0.0 || ^18.0.0 || ^19.0.0"
      }
    },
    "node_modules/@types/node-cron": {
      "version": "3.0.11",
      "resolved": "https://registry.npmjs.org/@types/node-cron/-/node-cron-3.0.11.tgz",
      "integrity": "sha512-0ikrnug3/IyneSHqCBeslAhlK2aBfYek1fGo4bP4QnZPmiqSGRK+Oy7ZMisLWkesffJvQ1cqAcBnJC+8+nxIAg==",
      "dev": true,
      "license": "MIT"
    },
    "node_modules/@types/react": {
      "version": "19.2.14",
      "resolved": "https://registry.npmjs.org/@types/react/-/react-19.2.14.tgz",
      "integrity": "sha512-ilcTH/UniCkMdtexkoCN0bI7pMcJDvmQFPvuPvmEaYA/NSfFTAgdUSLAoVjaRJm7+6PvcM+q1zYOwS4wTYMF9w==",
      "dev": true,
      "license": "MIT",
      "dependencies": {
        "csstype": "^3.2.2"
      }
    },
    "node_modules/@types/react-split-pane": {
      "version": "0.1.10",
      "resolved": "https://registry.npmjs.org/@types/react-split-pane/-/react-split-pane-0.1.10.tgz",
      "integrity": "sha512-5NYR7b+lzLC87PSOOfeKmCMOUKqnwNoeCiqLaiK8Fd8kmgg1DzD8nEObSCucZ/WEYKl8WCX2fM92jaz2wsxPjQ==",
      "dev": true,
      "license": "MIT",
      "dependencies": {
        "@types/react": "*"
      }
    },
    "node_modules/csstype": {
      "version": "3.2.3",
      "resolved": "https://registry.npmjs.org/csstype/-/csstype-3.2.3.tgz",
      "integrity": "sha512-z1HGKcYy2xA8AGQfwrn0PAy+PB7X/GSj3UVJW9qKyn43xWa+gl5nXmU4qqLMRzWVLFC8KusUX8T/0kCiOYpAIQ==",
      "dev": true,
      "license": "MIT"
    },
    "node_modules/js-tokens": {
      "version": "4.0.0",
      "resolved": "https://registry.npmjs.org/js-tokens/-/js-tokens-4.0.0.tgz",
      "integrity": "sha512-RdJUflcE3cUzKiMqQgsCu06FPu9UdIJO0beYbPhHN4k6apgJtifcoCtT9bcxOpYBtpD2kCM6Sbzg4CausW/PKQ==",
      "license": "MIT"
    },
    "node_modules/loose-envify": {
      "version": "1.4.0",
      "resolved": "https://registry.npmjs.org/loose-envify/-/loose-envify-1.4.0.tgz",
      "integrity": "sha512-lyuxPGr/Wfhrlem2CL/UcnUc1zcqKAImBDzukY7Y5F/yQiNdko6+fRLevlw1HgMySw7f611UIY408EtxRSoK3Q==",
      "license": "MIT",
      "dependencies": {
        "js-tokens": "^3.0.0 || ^4.0.0"
      },
      "bin": {
        "loose-envify": "cli.js"
      }
    },
    "node_modules/node-addon-api": {
      "version": "8.7.0",
      "resolved": "https://registry.npmjs.org/node-addon-api/-/node-addon-api-8.7.0.tgz",
      "integrity": "sha512-9MdFxmkKaOYVTV+XVRG8ArDwwQ77XIgIPyKASB1k3JPq3M8fGQQQE3YpMOrKm6g//Ktx8ivZr8xo1Qmtqub+GA==",
      "license": "MIT",
      "engines": {
        "node": "^18 || ^20 || >= 21"
      }
    },
    "node_modules/node-cron": {
      "version": "4.2.1",
      "resolved": "https://registry.npmjs.org/node-cron/-/node-cron-4.2.1.tgz",
      "integrity": "sha512-lgimEHPE/QDgFlywTd8yTR61ptugX3Qer29efeyWw2rv259HtGBNn1vZVmp8lB9uo9wC0t/AT4iGqXxia+CJFg==",
      "license": "ISC",
      "engines": {
        "node": ">=6.0.0"
      }
    },
    "node_modules/node-gyp-build": {
      "version": "4.8.4",
      "resolved": "https://registry.npmjs.org/node-gyp-build/-/node-gyp-build-4.8.4.tgz",
      "integrity": "sha512-LA4ZjwlnUblHVgq0oBF3Jl/6h/Nvs5fzBLwdEF4nuxnFdsfajde4WfxtJr3CaiH+F6ewcIB/q4jQ4UzPyid+CQ==",
      "license": "MIT",
      "bin": {
        "node-gyp-build": "bin.js",
        "node-gyp-build-optional": "optional.js",
        "node-gyp-build-test": "build-test.js"
      }
    },
    "node_modules/object-assign": {
      "version": "4.1.1",
      "resolved": "https://registry.npmjs.org/object-assign/-/object-assign-4.1.1.tgz",
      "integrity": "sha512-rJgTQnkUnH1sFw8yT6VSU3zD3sWmu6sZhIseY8VX+GRu3P6F7Fu+JNDoXfklElbLJSnc3FUQHVe4cU5hj+BcUg==",
      "license": "MIT",
      "engines": {
        "node": ">=0.10.0"
      }
    },
    "node_modules/prop-types": {
      "version": "15.8.1",
      "resolved": "https://registry.npmjs.org/prop-types/-/prop-types-15.8.1.tgz",
      "integrity": "sha512-oj87CgZICdulUohogVAR7AjlC0327U4el4L6eAvOqCeudMDVU0NThNaV+b9Df4dXgSP1gXMTnPdhfe/2qDH5cg==",
      "license": "MIT",
      "dependencies": {
        "loose-envify": "^1.4.0",
        "object-assign": "^4.1.1",
        "react-is": "^16.13.1"
      }
    },
    "node_modules/react-is": {
      "version": "16.13.1",
      "resolved": "https://registry.npmjs.org/react-is/-/react-is-16.13.1.tgz",
      "integrity": "sha512-24e6ynE2H+OKt4kqsOvNd8kBpV65zoxbA4BVsEOB3ARVWQki/DHzaUoC5KuON/BiccDaCCTZBuOcfZs70kR8bQ==",
      "license": "MIT"
    },
    "node_modules/react-lifecycles-compat": {
      "version": "3.0.4",
      "resolved": "https://registry.npmjs.org/react-lifecycles-compat/-/react-lifecycles-compat-3.0.4.tgz",
      "integrity": "sha512-fBASbA6LnOU9dOU2eW7aQ8xmYBSXUIWr+UmF9b1efZBazGNO+rcXT/icdKnYm2pTwcRylVUYwW7H1PHfLekVzA==",
      "license": "MIT"
    },
    "node_modules/react-resizable-panels": {
      "version": "3.0.6",
      "resolved": "https://registry.npmjs.org/react-resizable-panels/-/react-resizable-panels-3.0.6.tgz",
      "integrity": "sha512-b3qKHQ3MLqOgSS+FRYKapNkJZf5EQzuf6+RLiq1/IlTHw99YrZ2NJZLk4hQIzTnnIkRg2LUqyVinu6YWWpUYew==",
      "license": "MIT",
      "peerDependencies": {
        "react": "^16.14.0 || ^17.0.0 || ^18.0.0 || ^19.0.0 || ^19.0.0-rc",
        "react-dom": "^16.14.0 || ^17.0.0 || ^18.0.0 || ^19.0.0 || ^19.0.0-rc"
      }
    },
    "node_modules/react-split-pane": {
      "version": "0.1.92",
      "resolved": "https://registry.npmjs.org/react-split-pane/-/react-split-pane-0.1.92.tgz",
      "integrity": "sha512-GfXP1xSzLMcLJI5BM36Vh7GgZBpy+U/X0no+VM3fxayv+p1Jly5HpMofZJraeaMl73b3hvlr+N9zJKvLB/uz9w==",
      "license": "MIT",
      "dependencies": {
        "prop-types": "^15.7.2",
        "react-lifecycles-compat": "^3.0.4",
        "react-style-proptype": "^3.2.2"
      },
      "peerDependencies": {
        "react": "^16.0.0-0",
        "react-dom": "^16.0.0-0"
      }
    },
    "node_modules/react-style-proptype": {
      "version": "3.2.2",
      "resolved": "https://registry.npmjs.org/react-style-proptype/-/react-style-proptype-3.2.2.tgz",
      "integrity": "sha512-ywYLSjNkxKHiZOqNlso9PZByNEY+FTyh3C+7uuziK0xFXu9xzdyfHwg4S9iyiRRoPCR4k2LqaBBsWVmSBwCWYQ==",
      "license": "MIT",
      "dependencies": {
        "prop-types": "^15.5.4"
      }
    },
    "node_modules/state-local": {
      "version": "1.0.7",
      "resolved": "https://registry.npmjs.org/state-local/-/state-local-1.0.7.tgz",
      "integrity": "sha512-HTEHMNieakEnoe33shBYcZ7NX83ACUjCu8c40iOGEZsngj9zRnkqS9j1pqQPXwobB0ZcVTk27REb7COQ0UR59w==",
      "license": "MIT"
    },
    "node_modules/tree-sitter": {
      "version": "0.22.4",
      "resolved": "https://registry.npmjs.org/tree-sitter/-/tree-sitter-0.22.4.tgz",
      "integrity": "sha512-usbHZP9/oxNsUY65MQUsduGRqDHQOou1cagUSwjhoSYAmSahjQDAVsh9s+SlZkn8X8+O1FULRGwHu7AFP3kjzg==",
      "hasInstallScript": true,
      "license": "MIT",
      "dependencies": {
        "node-addon-api": "^8.3.0",
        "node-gyp-build": "^4.8.4"
      }
    },
    "node_modules/tree-sitter-c": {
      "version": "0.23.6",
      "resolved": "https://registry.npmjs.org/tree-sitter-c/-/tree-sitter-c-0.23.6.tgz",
      "integrity": "sha512-0dxXKznVyUA0s6PjNolJNs2yF87O5aL538A/eR6njA5oqX3C3vH4vnx3QdOKwuUdpKEcFdHuiDpRKLLCA/tjvQ==",
      "hasInstallScript": true,
      "license": "MIT",
      "dependencies": {
        "node-addon-api": "^8.3.0",
        "node-gyp-build": "^4.8.4"
      },
      "peerDependencies": {
        "tree-sitter": "^0.22.1"
      },
      "peerDependenciesMeta": {
        "tree-sitter": {
          "optional": true
        }
      }
    },
    "node_modules/tree-sitter-cpp": {
      "version": "0.23.4",
      "resolved": "https://registry.npmjs.org/tree-sitter-cpp/-/tree-sitter-cpp-0.23.4.tgz",
      "integrity": "sha512-qR5qUDyhZ5jJ6V8/umiBxokRbe89bCGmcq/dk94wI4kN86qfdV8k0GHIUEKaqWgcu42wKal5E97LKpLeVW8sKw==",
      "hasInstallScript": true,
      "license": "MIT",
      "dependencies": {
        "node-addon-api": "^8.2.1",
        "node-gyp-build": "^4.8.2",
        "tree-sitter-c": "^0.23.1"
      },
      "peerDependencies": {
        "tree-sitter": "^0.21.1"
      },
      "peerDependenciesMeta": {
        "tree-sitter": {
          "optional": true
        }
      }
    },
    "node_modules/vite-plugin-monaco-editor": {
      "version": "1.1.0",
      "resolved": "https://registry.npmjs.org/vite-plugin-monaco-editor/-/vite-plugin-monaco-editor-1.1.0.tgz",
      "integrity": "sha512-IvtUqZotrRoVqwT0PBBDIZPNraya3BxN/bfcNfnxZ5rkJiGcNtO5eAOWWSgT7zullIAEqQwxMU83yL9J5k7gww==",
      "dev": true,
      "license": "MIT",
      "peerDependencies": {
        "monaco-editor": ">=0.33.0"
      }
    }
  }
}
